
Microsoft Visual Studio Solution File, Format Version 12.00
# Visual Studio Version 17
VisualStudioVersion = 17.8.34330.188
MinimumVisualStudioVersion = 10.0.40219.1
Project("{9A19103F-16F7-4668-BE54-9A1E7A4F7556}") = "projetox.Api", "projetox.Api\projetox.Api.csproj", "{5427FDCE-6A2A-4240-909E-0DB464D55F23}"
EndProject
Project("{9A19103F-16F7-4668-BE54-9A1E7A4F7556}") = "projetox.Domain", "projetox.Domain\projetox.Domain.csproj", "{3CB1A04B-0B12-4D3B-A078-027C3CC74035}"
EndProject
Project("{FAE04EC0-301F-11D3-BF4B-00C04F79EFBC}") = "projetox.Repository", "projetox.Repository\projetox.Repository.csproj", "{7289E5DA-E8B5-4B6D-9547-63AF48A11E57}"
EndProject
Global
	GlobalSection(SolutionConfigurationPlatforms) = preSolution
		Debug|Any CPU = Debug|Any CPU
		Release|Any CPU = Release|Any CPU
	EndGlobalSection
	GlobalSection(ProjectConfigurationPlatforms) = postSolution
		{5427FDCE-6A2A-4240-909E-0DB464D55F23}.Debug|Any CPU.ActiveCfg = Debug|Any CPU
		{5427FDCE-6A2A-4240-909E-0DB464D55F23}.Debug|Any CPU.Build.0 = Debug|Any CPU
		{5427FDCE-6A2A-4240-909E-0DB464D55F23}.Release|Any CPU.ActiveCfg = Release|Any CPU
		{5427FDCE-6A2A-4240-909E-0DB464D55F23}.Release|Any CPU.Build.0 = Release|Any CPU
		{3CB1A04B-0B12-4D3B-A078-027C3CC74035}.Debug|Any CPU.ActiveCfg = Debug|Any CPU
		{3CB1A04B-0B12-4D3B-A078-027C3CC74035}.Debug|Any CPU.Build.0 = Debug|Any CPU
		{3CB1A04B-0B12-4D3B-A078-027C3CC74035}.Release|Any CPU.ActiveCfg = Release|Any CPU
		{3CB1A04B-0B12-4D3B-A078-027C3CC74035}.Release|Any CPU.Build.0 = Release|Any CPU
		{7289E5DA-E8B5-4B6D-9547-63AF48A11E57}.Debug|Any CPU.ActiveCfg = Debug|Any CPU
		{7289E5DA-E8B5-4B6D-9547-63AF48A11E57}.Debug|Any CPU.Build.0 = Debug|Any CPU
		{7289E5DA-E8B5-4B6D-9547-63AF48A11E57}.Release|Any CPU.ActiveCfg = Release|Any CPU
		{7289E5DA-E8B5-4B6D-9547-63AF48A11E57}.Release|Any CPU.Build.0 = Release|Any CPU
	EndGlobalSection
	GlobalSection(SolutionProperties) = preSolution
		HideSolutionNode = FALSE
	EndGlobalSection
	GlobalSection(ExtensibilityGlobals) = postSolution
		SolutionGuid = {EF8171B4-E7A8-499B-95FE-BA38382589DC}
	EndGlobalSection
EndGlobal
